{
  "name": "lesson5",
  "version": "1.0.0",
  "lockfileVersion": 3,
  "requires": true,
  "packages": {
    "": {
      "name": "lesson5",
      "version": "1.0.0",
      "license": "ISC",
      "dependencies": {
        "movie-parse": "^1.0.7",
        "random-fruits-name": "^1.10.1"
      }
    },
    "node_modules/movie-parse": {
      "version": "1.0.7",
      "resolved": "https://registry.npmjs.org/movie-parse/-/movie-parse-1.0.7.tgz",
      "integrity": "sha512-pgNZvg/goTYxjUJMwVNBrA76OlhEDF3pS/5zPWew06G9EtgVwu1ZVFHlY8a4eKZxiHZHyVF4GEQGwJBZ3zow+A==",
      "license": "ISC",
      "dependencies": {
        "parse-torrent-name": "*"
      },
      "bin": {
        "movie-parse": "bin/movie-parse"
      }
    },
    "node_modules/parse-torrent-name": {
      "version": "0.5.4",
      "resolved": "https://registry.npmjs.org/parse-torrent-name/-/parse-torrent-name-0.5.4.tgz",
      "integrity": "sha512-digWcT7Zp/oZX8I7iTQSfWd3z3C/0zszo/xYQsmogO2a6XDU0sTlQXYffHRhuwXNivBvMB8mS+EAwciyyVBlGQ=="
    },
    "node_modules/random-fruits-name": {
      "version": "1.10.1",
      "resolved": "https://registry.npmjs.org/random-fruits-name/-/random-fruits-name-1.10.1.tgz",
      "integrity": "sha512-IDOKbtmTRoMoCZ+V5tP6u24wdKcQg5ffYKrfrGL6EXOSajSsjHCGvsHG1DPlKEv6SAMG0tz/RfV3at7Kd1pspw==",
      "license": "MIT"
    }
  }
}
